
Microsoft Visual Studio Solution File, Format Version 12.00
# Visual Studio Version 17
VisualStudioVersion = 17.0.31903.59
MinimumVisualStudioVersion = 10.0.40219.1
Project("{2150E333-8FDC-42A3-9474-1A3956D46DE8}") = "90 Presentation", "90 Presentation", "{2C23F739-4CCF-4D98-5F80-CB5325689DE4}"
EndProject
Project("{FAE04EC0-301F-11D3-BF4B-00C04F79EFBC}") = "BrewUp.Rest", "BrewUp.Rest\BrewUp.Rest.csproj", "{143489AD-84D7-44A1-AC69-8ED61312D8DC}"
EndProject
Project("{2150E333-8FDC-42A3-9474-1A3956D46DE8}") = "80 Infrastructure", "80 Infrastructure", "{4212B86E-31B4-C78C-2768-9246C758E373}"
EndProject
Project("{FAE04EC0-301F-11D3-BF4B-00C04F79EFBC}") = "BrewUp.Infrastructure", "BrewUp.Infrastructure\BrewUp.Infrastructure.csproj", "{4FE36567-D6D6-481A-9308-D7ACDECF4D26}"
EndProject
Project("{2150E333-8FDC-42A3-9474-1A3956D46DE8}") = "50 Modules", "50 Modules", "{980CB5DE-473C-0215-9804-C595D1F8FF98}"
EndProject
Project("{2150E333-8FDC-42A3-9474-1A3956D46DE8}") = "Sales", "Sales", "{977C2148-914F-54A7-966B-A3CA61EBEEF1}"
EndProject
Project("{FAE04EC0-301F-11D3-BF4B-00C04F79EFBC}") = "BrewUp.Sales.Facade", "Sales\BrewUp.Sales.Facade\BrewUp.Sales.Facade.csproj", "{63E51F0D-A9B7-4736-8CE1-C012876F90F8}"
EndProject
Project("{FAE04EC0-301F-11D3-BF4B-00C04F79EFBC}") = "BrewUp.Sales.Domain", "Sales\BrewUp.Sales.Domain\BrewUp.Sales.Domain.csproj", "{BEF2C041-1F9F-4C9B-B3E9-AF1659AB1EC9}"
EndProject
Project("{FAE04EC0-301F-11D3-BF4B-00C04F79EFBC}") = "BrewUp.Sales.SharedKernel", "Sales\BrewUp.Sales.SharedKernel\BrewUp.Sales.SharedKernel.csproj", "{E85CA48E-A10C-4DA7-83E3-39DBF729990D}"
EndProject
Project("{FAE04EC0-301F-11D3-BF4B-00C04F79EFBC}") = "BrewUp.Sales.ReadModel", "Sales\BrewUp.Sales.ReadModel\BrewUp.Sales.ReadModel.csproj", "{1F1406B6-5D0A-475B-BC5F-1B656A0C3292}"
EndProject
Project("{FAE04EC0-301F-11D3-BF4B-00C04F79EFBC}") = "BrewUp.Sales.Infrastructure", "Sales\BrewUp.Sales.Infrastructure\BrewUp.Sales.Infrastructure.csproj", "{20318B1D-511B-4DA6-ABA1-87E0CB707100}"
EndProject
Project("{2150E333-8FDC-42A3-9474-1A3956D46DE8}") = "Tests", "Tests", "{FE13E7BF-E455-CC45-F68D-464B257154D6}"
EndProject
Project("{FAE04EC0-301F-11D3-BF4B-00C04F79EFBC}") = "BrewUp.Sales.Tests", "Sales\BrewUp.Sales.Tests\BrewUp.Sales.Tests.csproj", "{AB526AC9-7509-4C9D-8743-649C4F6FB5B8}"
EndProject
Project("{2150E333-8FDC-42A3-9474-1A3956D46DE8}") = "30 Shared", "30 Shared", "{6F73D70B-CDBA-C3C0-7406-8467CB8BE2DE}"
EndProject
Project("{FAE04EC0-301F-11D3-BF4B-00C04F79EFBC}") = "BrewUp.Shared", "BrewUp.Shared\BrewUp.Shared.csproj", "{494B04C3-875B-49F2-B387-1198A07C112A}"
EndProject
Project("{2150E333-8FDC-42A3-9474-1A3956D46DE8}") = "Tests", "Tests", "{0AB3BF05-4346-4AA6-1389-037BE0695223}"
EndProject
Project("{FAE04EC0-301F-11D3-BF4B-00C04F79EFBC}") = "BrewUp.Rest.Tests", "BrewUp.Rest.Tests\BrewUp.Rest.Tests.csproj", "{252BB96D-FCA8-48D5-B508-E2DF9F5F8A92}"
EndProject
Project("{FAE04EC0-301F-11D3-BF4B-00C04F79EFBC}") = "BrewUp.InMemoryBroker", "BrewUp.InMemoryBroker\BrewUp.InMemoryBroker.csproj", "{F34380B4-F51C-48FF-90FA-BDB9FADB3D87}"
EndProject
Project("{FAE04EC0-301F-11D3-BF4B-00C04F79EFBC}") = "BrewUp.Sales.Entities", "Sales\BrewUp.Sales.Entities\BrewUp.Sales.Entities.csproj", "{E1CAB7A4-161F-4F11-8C57-F2ED125E2475}"
EndProject
Project("{FAE04EC0-301F-11D3-BF4B-00C04F79EFBC}") = "Muflone.Persistence.Azure", "Muflone.Persistence.Azure\Muflone.Persistence.Azure.csproj", "{D6B52599-7E7E-463D-91FD-CEBEB3674A75}"
EndProject
Project("{2150E333-8FDC-42A3-9474-1A3956D46DE8}") = "Tests", "Tests", "{58B120D9-B45A-4AA9-BF94-F5C90B1888C5}"
EndProject
Project("{FAE04EC0-301F-11D3-BF4B-00C04F79EFBC}") = "Muflone.Persistence.Azure.Tests", "Muflone.Persistence.Azure.Tests\Muflone.Persistence.Azure.Tests.csproj", "{91889AD8-40DE-4EA3-919B-EF67A805AEC9}"
EndProject
Global
	GlobalSection(SolutionConfigurationPlatforms) = preSolution
		Debug|Any CPU = Debug|Any CPU
		Debug|x64 = Debug|x64
		Debug|x86 = Debug|x86
		Release|Any CPU = Release|Any CPU
		Release|x64 = Release|x64
		Release|x86 = Release|x86
	EndGlobalSection
	GlobalSection(ProjectConfigurationPlatforms) = postSolution
		{143489AD-84D7-44A1-AC69-8ED61312D8DC}.Debug|Any CPU.ActiveCfg = Debug|Any CPU
		{143489AD-84D7-44A1-AC69-8ED61312D8DC}.Debug|Any CPU.Build.0 = Debug|Any CPU
		{143489AD-84D7-44A1-AC69-8ED61312D8DC}.Debug|x64.ActiveCfg = Debug|Any CPU
		{143489AD-84D7-44A1-AC69-8ED61312D8DC}.Debug|x64.Build.0 = Debug|Any CPU
		{143489AD-84D7-44A1-AC69-8ED61312D8DC}.Debug|x86.ActiveCfg = Debug|Any CPU
		{143489AD-84D7-44A1-AC69-8ED61312D8DC}.Debug|x86.Build.0 = Debug|Any CPU
		{143489AD-84D7-44A1-AC69-8ED61312D8DC}.Release|Any CPU.ActiveCfg = Release|Any CPU
		{143489AD-84D7-44A1-AC69-8ED61312D8DC}.Release|Any CPU.Build.0 = Release|Any CPU
		{143489AD-84D7-44A1-AC69-8ED61312D8DC}.Release|x64.ActiveCfg = Release|Any CPU
		{143489AD-84D7-44A1-AC69-8ED61312D8DC}.Release|x64.Build.0 = Release|Any CPU
		{143489AD-84D7-44A1-AC69-8ED61312D8DC}.Release|x86.ActiveCfg = Release|Any CPU
		{143489AD-84D7-44A1-AC69-8ED61312D8DC}.Release|x86.Build.0 = Release|Any CPU
		{4FE36567-D6D6-481A-9308-D7ACDECF4D26}.Debug|Any CPU.ActiveCfg = Debug|Any CPU
		{4FE36567-D6D6-481A-9308-D7ACDECF4D26}.Debug|Any CPU.Build.0 = Debug|Any CPU
		{4FE36567-D6D6-481A-9308-D7ACDECF4D26}.Debug|x64.ActiveCfg = Debug|Any CPU
		{4FE36567-D6D6-481A-9308-D7ACDECF4D26}.Debug|x64.Build.0 = Debug|Any CPU
		{4FE36567-D6D6-481A-9308-D7ACDECF4D26}.Debug|x86.ActiveCfg = Debug|Any CPU
		{4FE36567-D6D6-481A-9308-D7ACDECF4D26}.Debug|x86.Build.0 = Debug|Any CPU
		{4FE36567-D6D6-481A-9308-D7ACDECF4D26}.Release|Any CPU.ActiveCfg = Release|Any CPU
		{4FE36567-D6D6-481A-9308-D7ACDECF4D26}.Release|Any CPU.Build.0 = Release|Any CPU
		{4FE36567-D6D6-481A-9308-D7ACDECF4D26}.Release|x64.ActiveCfg = Release|Any CPU
		{4FE36567-D6D6-481A-9308-D7ACDECF4D26}.Release|x64.Build.0 = Release|Any CPU
		{4FE36567-D6D6-481A-9308-D7ACDECF4D26}.Release|x86.ActiveCfg = Release|Any CPU
		{4FE36567-D6D6-481A-9308-D7ACDECF4D26}.Release|x86.Build.0 = Release|Any CPU
		{63E51F0D-A9B7-4736-8CE1-C012876F90F8}.Debug|Any CPU.ActiveCfg = Debug|Any CPU
		{63E51F0D-A9B7-4736-8CE1-C012876F90F8}.Debug|Any CPU.Build.0 = Debug|Any CPU
		{63E51F0D-A9B7-4736-8CE1-C012876F90F8}.Debug|x64.ActiveCfg = Debug|Any CPU
		{63E51F0D-A9B7-4736-8CE1-C012876F90F8}.Debug|x64.Build.0 = Debug|Any CPU
		{63E51F0D-A9B7-4736-8CE1-C012876F90F8}.Debug|x86.ActiveCfg = Debug|Any CPU
		{63E51F0D-A9B7-4736-8CE1-C012876F90F8}.Debug|x86.Build.0 = Debug|Any CPU
		{63E51F0D-A9B7-4736-8CE1-C012876F90F8}.Release|Any CPU.ActiveCfg = Release|Any CPU
		{63E51F0D-A9B7-4736-8CE1-C012876F90F8}.Release|Any CPU.Build.0 = Release|Any CPU
		{63E51F0D-A9B7-4736-8CE1-C012876F90F8}.Release|x64.ActiveCfg = Release|Any CPU
		{63E51F0D-A9B7-4736-8CE1-C012876F90F8}.Release|x64.Build.0 = Release|Any CPU
		{63E51F0D-A9B7-4736-8CE1-C012876F90F8}.Release|x86.ActiveCfg = Release|Any CPU
		{63E51F0D-A9B7-4736-8CE1-C012876F90F8}.Release|x86.Build.0 = Release|Any CPU
		{BEF2C041-1F9F-4C9B-B3E9-AF1659AB1EC9}.Debug|Any CPU.ActiveCfg = Debug|Any CPU
		{BEF2C041-1F9F-4C9B-B3E9-AF1659AB1EC9}.Debug|Any CPU.Build.0 = Debug|Any CPU
		{BEF2C041-1F9F-4C9B-B3E9-AF1659AB1EC9}.Debug|x64.ActiveCfg = Debug|Any CPU
		{BEF2C041-1F9F-4C9B-B3E9-AF1659AB1EC9}.Debug|x64.Build.0 = Debug|Any CPU
		{BEF2C041-1F9F-4C9B-B3E9-AF1659AB1EC9}.Debug|x86.ActiveCfg = Debug|Any CPU
		{BEF2C041-1F9F-4C9B-B3E9-AF1659AB1EC9}.Debug|x86.Build.0 = Debug|Any CPU
		{BEF2C041-1F9F-4C9B-B3E9-AF1659AB1EC9}.Release|Any CPU.ActiveCfg = Release|Any CPU
		{BEF2C041-1F9F-4C9B-B3E9-AF1659AB1EC9}.Release|Any CPU.Build.0 = Release|Any CPU
		{BEF2C041-1F9F-4C9B-B3E9-AF1659AB1EC9}.Release|x64.ActiveCfg = Release|Any CPU
		{BEF2C041-1F9F-4C9B-B3E9-AF1659AB1EC9}.Release|x64.Build.0 = Release|Any CPU
		{BEF2C041-1F9F-4C9B-B3E9-AF1659AB1EC9}.Release|x86.ActiveCfg = Release|Any CPU
		{BEF2C041-1F9F-4C9B-B3E9-AF1659AB1EC9}.Release|x86.Build.0 = Release|Any CPU
		{E85CA48E-A10C-4DA7-83E3-39DBF729990D}.Debug|Any CPU.ActiveCfg = Debug|Any CPU
		{E85CA48E-A10C-4DA7-83E3-39DBF729990D}.Debug|Any CPU.Build.0 = Debug|Any CPU
		{E85CA48E-A10C-4DA7-83E3-39DBF729990D}.Debug|x64.ActiveCfg = Debug|Any CPU
		{E85CA48E-A10C-4DA7-83E3-39DBF729990D}.Debug|x64.Build.0 = Debug|Any CPU
		{E85CA48E-A10C-4DA7-83E3-39DBF729990D}.Debug|x86.ActiveCfg = Debug|Any CPU
		{E85CA48E-A10C-4DA7-83E3-39DBF729990D}.Debug|x86.Build.0 = Debug|Any CPU
		{E85CA48E-A10C-4DA7-83E3-39DBF729990D}.Release|Any CPU.ActiveCfg = Release|Any CPU
		{E85CA48E-A10C-4DA7-83E3-39DBF729990D}.Release|Any CPU.Build.0 = Release|Any CPU
		{E85CA48E-A10C-4DA7-83E3-39DBF729990D}.Release|x64.ActiveCfg = Release|Any CPU
		{E85CA48E-A10C-4DA7-83E3-39DBF729990D}.Release|x64.Build.0 = Release|Any CPU
		{E85CA48E-A10C-4DA7-83E3-39DBF729990D}.Release|x86.ActiveCfg = Release|Any CPU
		{E85CA48E-A10C-4DA7-83E3-39DBF729990D}.Release|x86.Build.0 = Release|Any CPU
		{1F1406B6-5D0A-475B-BC5F-1B656A0C3292}.Debug|Any CPU.ActiveCfg = Debug|Any CPU
		{1F1406B6-5D0A-475B-BC5F-1B656A0C3292}.Debug|Any CPU.Build.0 = Debug|Any CPU
		{1F1406B6-5D0A-475B-BC5F-1B656A0C3292}.Debug|x64.ActiveCfg = Debug|Any CPU
		{1F1406B6-5D0A-475B-BC5F-1B656A0C3292}.Debug|x64.Build.0 = Debug|Any CPU
		{1F1406B6-5D0A-475B-BC5F-1B656A0C3292}.Debug|x86.ActiveCfg = Debug|Any CPU
		{1F1406B6-5D0A-475B-BC5F-1B656A0C3292}.Debug|x86.Build.0 = Debug|Any CPU
		{1F1406B6-5D0A-475B-BC5F-1B656A0C3292}.Release|Any CPU.ActiveCfg = Release|Any CPU
		{1F1406B6-5D0A-475B-BC5F-1B656A0C3292}.Release|Any CPU.Build.0 = Release|Any CPU
		{1F1406B6-5D0A-475B-BC5F-1B656A0C3292}.Release|x64.ActiveCfg = Release|Any CPU
		{1F1406B6-5D0A-475B-BC5F-1B656A0C3292}.Release|x64.Build.0 = Release|Any CPU
		{1F1406B6-5D0A-475B-BC5F-1B656A0C3292}.Release|x86.ActiveCfg = Release|Any CPU
		{1F1406B6-5D0A-475B-BC5F-1B656A0C3292}.Release|x86.Build.0 = Release|Any CPU
		{20318B1D-511B-4DA6-ABA1-87E0CB707100}.Debug|Any CPU.ActiveCfg = Debug|Any CPU
		{20318B1D-511B-4DA6-ABA1-87E0CB707100}.Debug|Any CPU.Build.0 = Debug|Any CPU
		{20318B1D-511B-4DA6-ABA1-87E0CB707100}.Debug|x64.ActiveCfg = Debug|Any CPU
		{20318B1D-511B-4DA6-ABA1-87E0CB707100}.Debug|x64.Build.0 = Debug|Any CPU
		{20318B1D-511B-4DA6-ABA1-87E0CB707100}.Debug|x86.ActiveCfg = Debug|Any CPU
		{20318B1D-511B-4DA6-ABA1-87E0CB707100}.Debug|x86.Build.0 = Debug|Any CPU
		{20318B1D-511B-4DA6-ABA1-87E0CB707100}.Release|Any CPU.ActiveCfg = Release|Any CPU
		{20318B1D-511B-4DA6-ABA1-87E0CB707100}.Release|Any CPU.Build.0 = Release|Any CPU
		{20318B1D-511B-4DA6-ABA1-87E0CB707100}.Release|x64.ActiveCfg = Release|Any CPU
		{20318B1D-511B-4DA6-ABA1-87E0CB707100}.Release|x64.Build.0 = Release|Any CPU
		{20318B1D-511B-4DA6-ABA1-87E0CB707100}.Release|x86.ActiveCfg = Release|Any CPU
		{20318B1D-511B-4DA6-ABA1-87E0CB707100}.Release|x86.Build.0 = Release|Any CPU
		{AB526AC9-7509-4C9D-8743-649C4F6FB5B8}.Debug|Any CPU.ActiveCfg = Debug|Any CPU
		{AB526AC9-7509-4C9D-8743-649C4F6FB5B8}.Debug|Any CPU.Build.0 = Debug|Any CPU
		{AB526AC9-7509-4C9D-8743-649C4F6FB5B8}.Debug|x64.ActiveCfg = Debug|Any CPU
		{AB526AC9-7509-4C9D-8743-649C4F6FB5B8}.Debug|x64.Build.0 = Debug|Any CPU
		{AB526AC9-7509-4C9D-8743-649C4F6FB5B8}.Debug|x86.ActiveCfg = Debug|Any CPU
		{AB526AC9-7509-4C9D-8743-649C4F6FB5B8}.Debug|x86.Build.0 = Debug|Any CPU
		{AB526AC9-7509-4C9D-8743-649C4F6FB5B8}.Release|Any CPU.ActiveCfg = Release|Any CPU
		{AB526AC9-7509-4C9D-8743-649C4F6FB5B8}.Release|Any CPU.Build.0 = Release|Any CPU
		{AB526AC9-7509-4C9D-8743-649C4F6FB5B8}.Release|x64.ActiveCfg = Release|Any CPU
		{AB526AC9-7509-4C9D-8743-649C4F6FB5B8}.Release|x64.Build.0 = Release|Any CPU
		{AB526AC9-7509-4C9D-8743-649C4F6FB5B8}.Release|x86.ActiveCfg = Release|Any CPU
		{AB526AC9-7509-4C9D-8743-649C4F6FB5B8}.Release|x86.Build.0 = Release|Any CPU
		{494B04C3-875B-49F2-B387-1198A07C112A}.Debug|Any CPU.ActiveCfg = Debug|Any CPU
		{494B04C3-875B-49F2-B387-1198A07C112A}.Debug|Any CPU.Build.0 = Debug|Any CPU
		{494B04C3-875B-49F2-B387-1198A07C112A}.Debug|x64.ActiveCfg = Debug|Any CPU
		{494B04C3-875B-49F2-B387-1198A07C112A}.Debug|x64.Build.0 = Debug|Any CPU
		{494B04C3-875B-49F2-B387-1198A07C112A}.Debug|x86.ActiveCfg = Debug|Any CPU
		{494B04C3-875B-49F2-B387-1198A07C112A}.Debug|x86.Build.0 = Debug|Any CPU
		{494B04C3-875B-49F2-B387-1198A07C112A}.Release|Any CPU.ActiveCfg = Release|Any CPU
		{494B04C3-875B-49F2-B387-1198A07C112A}.Release|Any CPU.Build.0 = Release|Any CPU
		{494B04C3-875B-49F2-B387-1198A07C112A}.Release|x64.ActiveCfg = Release|Any CPU
		{494B04C3-875B-49F2-B387-1198A07C112A}.Release|x64.Build.0 = Release|Any CPU
		{494B04C3-875B-49F2-B387-1198A07C112A}.Release|x86.ActiveCfg = Release|Any CPU
		{494B04C3-875B-49F2-B387-1198A07C112A}.Release|x86.Build.0 = Release|Any CPU
		{252BB96D-FCA8-48D5-B508-E2DF9F5F8A92}.Debug|Any CPU.ActiveCfg = Debug|Any CPU
		{252BB96D-FCA8-48D5-B508-E2DF9F5F8A92}.Debug|Any CPU.Build.0 = Debug|Any CPU
		{252BB96D-FCA8-48D5-B508-E2DF9F5F8A92}.Debug|x64.ActiveCfg = Debug|Any CPU
		{252BB96D-FCA8-48D5-B508-E2DF9F5F8A92}.Debug|x64.Build.0 = Debug|Any CPU
		{252BB96D-FCA8-48D5-B508-E2DF9F5F8A92}.Debug|x86.ActiveCfg = Debug|Any CPU
		{252BB96D-FCA8-48D5-B508-E2DF9F5F8A92}.Debug|x86.Build.0 = Debug|Any CPU
		{252BB96D-FCA8-48D5-B508-E2DF9F5F8A92}.Release|Any CPU.ActiveCfg = Release|Any CPU
		{252BB96D-FCA8-48D5-B508-E2DF9F5F8A92}.Release|Any CPU.Build.0 = Release|Any CPU
		{252BB96D-FCA8-48D5-B508-E2DF9F5F8A92}.Release|x64.ActiveCfg = Release|Any CPU
		{252BB96D-FCA8-48D5-B508-E2DF9F5F8A92}.Release|x64.Build.0 = Release|Any CPU
		{252BB96D-FCA8-48D5-B508-E2DF9F5F8A92}.Release|x86.ActiveCfg = Release|Any CPU
		{252BB96D-FCA8-48D5-B508-E2DF9F5F8A92}.Release|x86.Build.0 = Release|Any CPU
		{F34380B4-F51C-48FF-90FA-BDB9FADB3D87}.Debug|Any CPU.ActiveCfg = Debug|Any CPU
		{F34380B4-F51C-48FF-90FA-BDB9FADB3D87}.Debug|Any CPU.Build.0 = Debug|Any CPU
		{F34380B4-F51C-48FF-90FA-BDB9FADB3D87}.Debug|x64.ActiveCfg = Debug|Any CPU
		{F34380B4-F51C-48FF-90FA-BDB9FADB3D87}.Debug|x64.Build.0 = Debug|Any CPU
		{F34380B4-F51C-48FF-90FA-BDB9FADB3D87}.Debug|x86.ActiveCfg = Debug|Any CPU
		{F34380B4-F51C-48FF-90FA-BDB9FADB3D87}.Debug|x86.Build.0 = Debug|Any CPU
		{F34380B4-F51C-48FF-90FA-BDB9FADB3D87}.Release|Any CPU.ActiveCfg = Release|Any CPU
		{F34380B4-F51C-48FF-90FA-BDB9FADB3D87}.Release|Any CPU.Build.0 = Release|Any CPU
		{F34380B4-F51C-48FF-90FA-BDB9FADB3D87}.Release|x64.ActiveCfg = Release|Any CPU
		{F34380B4-F51C-48FF-90FA-BDB9FADB3D87}.Release|x64.Build.0 = Release|Any CPU
		{F34380B4-F51C-48FF-90FA-BDB9FADB3D87}.Release|x86.ActiveCfg = Release|Any CPU
		{F34380B4-F51C-48FF-90FA-BDB9FADB3D87}.Release|x86.Build.0 = Release|Any CPU
		{E1CAB7A4-161F-4F11-8C57-F2ED125E2475}.Debug|Any CPU.ActiveCfg = Debug|Any CPU
		{E1CAB7A4-161F-4F11-8C57-F2ED125E2475}.Debug|Any CPU.Build.0 = Debug|Any CPU
		{E1CAB7A4-161F-4F11-8C57-F2ED125E2475}.Debug|x64.ActiveCfg = Debug|Any CPU
		{E1CAB7A4-161F-4F11-8C57-F2ED125E2475}.Debug|x64.Build.0 = Debug|Any CPU
		{E1CAB7A4-161F-4F11-8C57-F2ED125E2475}.Debug|x86.ActiveCfg = Debug|Any CPU
		{E1CAB7A4-161F-4F11-8C57-F2ED125E2475}.Debug|x86.Build.0 = Debug|Any CPU
		{E1CAB7A4-161F-4F11-8C57-F2ED125E2475}.Release|Any CPU.ActiveCfg = Release|Any CPU
		{E1CAB7A4-161F-4F11-8C57-F2ED125E2475}.Release|Any CPU.Build.0 = Release|Any CPU
		{E1CAB7A4-161F-4F11-8C57-F2ED125E2475}.Release|x64.ActiveCfg = Release|Any CPU
		{E1CAB7A4-161F-4F11-8C57-F2ED125E2475}.Release|x64.Build.0 = Release|Any CPU
		{E1CAB7A4-161F-4F11-8C57-F2ED125E2475}.Release|x86.ActiveCfg = Release|Any CPU
		{E1CAB7A4-161F-4F11-8C57-F2ED125E2475}.Release|x86.Build.0 = Release|Any CPU
		{D6B52599-7E7E-463D-91FD-CEBEB3674A75}.Debug|Any CPU.ActiveCfg = Debug|Any CPU
		{D6B52599-7E7E-463D-91FD-CEBEB3674A75}.Debug|Any CPU.Build.0 = Debug|Any CPU
		{D6B52599-7E7E-463D-91FD-CEBEB3674A75}.Debug|x64.ActiveCfg = Debug|Any CPU
		{D6B52599-7E7E-463D-91FD-CEBEB3674A75}.Debug|x64.Build.0 = Debug|Any CPU
		{D6B52599-7E7E-463D-91FD-CEBEB3674A75}.Debug|x86.ActiveCfg = Debug|Any CPU
		{D6B52599-7E7E-463D-91FD-CEBEB3674A75}.Debug|x86.Build.0 = Debug|Any CPU
		{D6B52599-7E7E-463D-91FD-CEBEB3674A75}.Release|Any CPU.ActiveCfg = Release|Any CPU
		{D6B52599-7E7E-463D-91FD-CEBEB3674A75}.Release|Any CPU.Build.0 = Release|Any CPU
		{D6B52599-7E7E-463D-91FD-CEBEB3674A75}.Release|x64.ActiveCfg = Release|Any CPU
		{D6B52599-7E7E-463D-91FD-CEBEB3674A75}.Release|x64.Build.0 = Release|Any CPU
		{D6B52599-7E7E-463D-91FD-CEBEB3674A75}.Release|x86.ActiveCfg = Release|Any CPU
		{D6B52599-7E7E-463D-91FD-CEBEB3674A75}.Release|x86.Build.0 = Release|Any CPU
		{91889AD8-40DE-4EA3-919B-EF67A805AEC9}.Debug|Any CPU.ActiveCfg = Debug|Any CPU
		{91889AD8-40DE-4EA3-919B-EF67A805AEC9}.Debug|Any CPU.Build.0 = Debug|Any CPU
		{91889AD8-40DE-4EA3-919B-EF67A805AEC9}.Debug|x64.ActiveCfg = Debug|Any CPU
		{91889AD8-40DE-4EA3-919B-EF67A805AEC9}.Debug|x64.Build.0 = Debug|Any CPU
		{91889AD8-40DE-4EA3-919B-EF67A805AEC9}.Debug|x86.ActiveCfg = Debug|Any CPU
		{91889AD8-40DE-4EA3-919B-EF67A805AEC9}.Debug|x86.Build.0 = Debug|Any CPU
		{91889AD8-40DE-4EA3-919B-EF67A805AEC9}.Release|Any CPU.ActiveCfg = Release|Any CPU
		{91889AD8-40DE-4EA3-919B-EF67A805AEC9}.Release|Any CPU.Build.0 = Release|Any CPU
		{91889AD8-40DE-4EA3-919B-EF67A805AEC9}.Release|x64.ActiveCfg = Release|Any CPU
		{91889AD8-40DE-4EA3-919B-EF67A805AEC9}.Release|x64.Build.0 = Release|Any CPU
		{91889AD8-40DE-4EA3-919B-EF67A805AEC9}.Release|x86.ActiveCfg = Release|Any CPU
		{91889AD8-40DE-4EA3-919B-EF67A805AEC9}.Release|x86.Build.0 = Release|Any CPU
	EndGlobalSection
	GlobalSection(SolutionProperties) = preSolution
		HideSolutionNode = FALSE
	EndGlobalSection
	GlobalSection(NestedProjects) = preSolution
		{143489AD-84D7-44A1-AC69-8ED61312D8DC} = {2C23F739-4CCF-4D98-5F80-CB5325689DE4}
		{4FE36567-D6D6-481A-9308-D7ACDECF4D26} = {4212B86E-31B4-C78C-2768-9246C758E373}
		{977C2148-914F-54A7-966B-A3CA61EBEEF1} = {980CB5DE-473C-0215-9804-C595D1F8FF98}
		{63E51F0D-A9B7-4736-8CE1-C012876F90F8} = {977C2148-914F-54A7-966B-A3CA61EBEEF1}
		{BEF2C041-1F9F-4C9B-B3E9-AF1659AB1EC9} = {977C2148-914F-54A7-966B-A3CA61EBEEF1}
		{E85CA48E-A10C-4DA7-83E3-39DBF729990D} = {977C2148-914F-54A7-966B-A3CA61EBEEF1}
		{1F1406B6-5D0A-475B-BC5F-1B656A0C3292} = {977C2148-914F-54A7-966B-A3CA61EBEEF1}
		{20318B1D-511B-4DA6-ABA1-87E0CB707100} = {977C2148-914F-54A7-966B-A3CA61EBEEF1}
		{FE13E7BF-E455-CC45-F68D-464B257154D6} = {977C2148-914F-54A7-966B-A3CA61EBEEF1}
		{AB526AC9-7509-4C9D-8743-649C4F6FB5B8} = {FE13E7BF-E455-CC45-F68D-464B257154D6}
		{494B04C3-875B-49F2-B387-1198A07C112A} = {6F73D70B-CDBA-C3C0-7406-8467CB8BE2DE}
		{252BB96D-FCA8-48D5-B508-E2DF9F5F8A92} = {0AB3BF05-4346-4AA6-1389-037BE0695223}
		{F34380B4-F51C-48FF-90FA-BDB9FADB3D87} = {4212B86E-31B4-C78C-2768-9246C758E373}
		{E1CAB7A4-161F-4F11-8C57-F2ED125E2475} = {977C2148-914F-54A7-966B-A3CA61EBEEF1}
		{D6B52599-7E7E-463D-91FD-CEBEB3674A75} = {4212B86E-31B4-C78C-2768-9246C758E373}
		{58B120D9-B45A-4AA9-BF94-F5C90B1888C5} = {4212B86E-31B4-C78C-2768-9246C758E373}
		{91889AD8-40DE-4EA3-919B-EF67A805AEC9} = {58B120D9-B45A-4AA9-BF94-F5C90B1888C5}
	EndGlobalSection
EndGlobal
